
Microsoft Visual Studio Solution File, Format Version 12.00
Project("{FAE04EC0-301F-11D3-BF4B-00C04F79EFBC}") = "BankAccount", "BankAccount\BankAccount.csproj", "{94125736-F0D3-45D4-B710-7A6A10DCBABE}"
EndProject
Project("{FAE04EC0-301F-11D3-BF4B-00C04F79EFBC}") = "Tests", "Tests\Tests.csproj", "{F9E9474E-64C4-4A4D-B659-27F6C5E00C6D}"
EndProject
Global
	GlobalSection(SolutionConfigurationPlatforms) = preSolution
		Debug|Any CPU = Debug|Any CPU
		Release|Any CPU = Release|Any CPU
	EndGlobalSection
	GlobalSection(ProjectConfigurationPlatforms) = postSolution
		{94125736-F0D3-45D4-B710-7A6A10DCBABE}.Debug|Any CPU.ActiveCfg = Debug|Any CPU
		{94125736-F0D3-45D4-B710-7A6A10DCBABE}.Debug|Any CPU.Build.0 = Debug|Any CPU
		{94125736-F0D3-45D4-B710-7A6A10DCBABE}.Release|Any CPU.ActiveCfg = Release|Any CPU
		{94125736-F0D3-45D4-B710-7A6A10DCBABE}.Release|Any CPU.Build.0 = Release|Any CPU
		{F9E9474E-64C4-4A4D-B659-27F6C5E00C6D}.Debug|Any CPU.ActiveCfg = Debug|Any CPU
		{F9E9474E-64C4-4A4D-B659-27F6C5E00C6D}.Debug|Any CPU.Build.0 = Debug|Any CPU
		{F9E9474E-64C4-4A4D-B659-27F6C5E00C6D}.Release|Any CPU.ActiveCfg = Release|Any CPU
		{F9E9474E-64C4-4A4D-B659-27F6C5E00C6D}.Release|Any CPU.Build.0 = Release|Any CPU
	EndGlobalSection
EndGlobal
